
Microsoft Visual Studio Solution File, Format Version 12.00
# Visual Studio Version 16
VisualStudioVersion = 16.0.28803.352
MinimumVisualStudioVersion = 10.0.40219.1
Project("{8BC9CEB8-8B4A-11D0-8D11-00A0C91BC942}") = "structPokemon", "structPokemon\structPokemon.vcxproj", "{9B8F66FC-A0FB-4677-94F7-7E6DFA87BB37}"
EndProject
Global
	GlobalSection(SolutionConfigurationPlatforms) = preSolution
		Debug|x64 = Debug|x64
		Debug|x86 = Debug|x86
		Release|x64 = Release|x64
		Release|x86 = Release|x86
	EndGlobalSection
	GlobalSection(ProjectConfigurationPlatforms) = postSolution
		{9B8F66FC-A0FB-4677-94F7-7E6DFA87BB37}.Debug|x64.ActiveCfg = Debug|x64
		{9B8F66FC-A0FB-4677-94F7-7E6DFA87BB37}.Debug|x64.Build.0 = Debug|x64
		{9B8F66FC-A0FB-4677-94F7-7E6DFA87BB37}.Debug|x86.ActiveCfg = Debug|Win32
		{9B8F66FC-A0FB-4677-94F7-7E6DFA87BB37}.Debug|x86.Build.0 = Debug|Win32
		{9B8F66FC-A0FB-4677-94F7-7E6DFA87BB37}.Release|x64.ActiveCfg = Release|x64
		{9B8F66FC-A0FB-4677-94F7-7E6DFA87BB37}.Release|x64.Build.0 = Release|x64
		{9B8F66FC-A0FB-4677-94F7-7E6DFA87BB37}.Release|x86.ActiveCfg = Release|Win32
		{9B8F66FC-A0FB-4677-94F7-7E6DFA87BB37}.Release|x86.Build.0 = Release|Win32
	EndGlobalSection
	GlobalSection(SolutionProperties) = preSolution
		HideSolutionNode = FALSE
	EndGlobalSection
	GlobalSection(ExtensibilityGlobals) = postSolution
		SolutionGuid = {0B22820B-A7BE-454D-843C-0381FC7A207D}
	EndGlobalSection
EndGlobal
